
Microsoft Visual Studio Solution File, Format Version 12.00
# Visual Studio Version 17
VisualStudioVersion = 17.4.33213.308
MinimumVisualStudioVersion = 10.0.40219.1
Project("{FAE04EC0-301F-11D3-BF4B-00C04F79EFBC}") = "StudentEnrollment.API", "StudentEnrollment.API\StudentEnrollment.API.csproj", "{630DD29C-E380-4413-998C-17F7BB3F6991}"
EndProject
Project("{FAE04EC0-301F-11D3-BF4B-00C04F79EFBC}") = "StudentEnrollment.Data", "StudentEnrollment.Data\StudentEnrollment.Data.csproj", "{A8503BE6-BBB9-4148-A836-FFC270411410}"
EndProject
Global
	GlobalSection(SolutionConfigurationPlatforms) = preSolution
		Debug|Any CPU = Debug|Any CPU
		Release|Any CPU = Release|Any CPU
	EndGlobalSection
	GlobalSection(ProjectConfigurationPlatforms) = postSolution
		{630DD29C-E380-4413-998C-17F7BB3F6991}.Debug|Any CPU.ActiveCfg = Debug|Any CPU
		{630DD29C-E380-4413-998C-17F7BB3F6991}.Debug|Any CPU.Build.0 = Debug|Any CPU
		{630DD29C-E380-4413-998C-17F7BB3F6991}.Release|Any CPU.ActiveCfg = Release|Any CPU
		{630DD29C-E380-4413-998C-17F7BB3F6991}.Release|Any CPU.Build.0 = Release|Any CPU
		{A8503BE6-BBB9-4148-A836-FFC270411410}.Debug|Any CPU.ActiveCfg = Debug|Any CPU
		{A8503BE6-BBB9-4148-A836-FFC270411410}.Debug|Any CPU.Build.0 = Debug|Any CPU
		{A8503BE6-BBB9-4148-A836-FFC270411410}.Release|Any CPU.ActiveCfg = Release|Any CPU
		{A8503BE6-BBB9-4148-A836-FFC270411410}.Release|Any CPU.Build.0 = Release|Any CPU
	EndGlobalSection
	GlobalSection(SolutionProperties) = preSolution
		HideSolutionNode = FALSE
	EndGlobalSection
	GlobalSection(ExtensibilityGlobals) = postSolution
		SolutionGuid = {C975171C-E95D-406A-8FC4-42E3653D6DAF}
	EndGlobalSection
EndGlobal
